
Microsoft Visual Studio Solution File, Format Version 12.00
# Visual Studio Version 16
VisualStudioVersion = 16.0.30204.135
MinimumVisualStudioVersion = 10.0.40219.1
Project("{FAE04EC0-301F-11D3-BF4B-00C04F79EFBC}") = "WebApplicationMS1", "WebApplicationMS1\WebApplicationMS1.csproj", "{59D1511A-1AC9-4874-A68A-E4266A2F0EA1}"
EndProject
Global
	GlobalSection(SolutionConfigurationPlatforms) = preSolution
		Debug|Any CPU = Debug|Any CPU
		Release|Any CPU = Release|Any CPU
	EndGlobalSection
	GlobalSection(ProjectConfigurationPlatforms) = postSolution
		{59D1511A-1AC9-4874-A68A-E4266A2F0EA1}.Debug|Any CPU.ActiveCfg = Debug|Any CPU
		{59D1511A-1AC9-4874-A68A-E4266A2F0EA1}.Debug|Any CPU.Build.0 = Debug|Any CPU
		{59D1511A-1AC9-4874-A68A-E4266A2F0EA1}.Release|Any CPU.ActiveCfg = Release|Any CPU
		{59D1511A-1AC9-4874-A68A-E4266A2F0EA1}.Release|Any CPU.Build.0 = Release|Any CPU
	EndGlobalSection
	GlobalSection(SolutionProperties) = preSolution
		HideSolutionNode = FALSE
	EndGlobalSection
	GlobalSection(ExtensibilityGlobals) = postSolution
		SolutionGuid = {0E1C5550-647E-4133-8FE7-926194D63AC3}
	EndGlobalSection
EndGlobal
